<?xml version="1.0" encoding="utf-8"?>
<Project ToolsVersion="4.0" xmlns="http://schemas.microsoft.com/developer/msbuild/2003">
  <ItemGroup>
    <Filter Include="ソース ファイル">
      <UniqueIdentifier>{4FC737F1-C7A5-4376-A066-2A32D752A2FF}</UniqueIdentifier>
      <Extensions>cpp;c;cc;cxx;def;odl;idl;hpj;bat;asm;asmx</Extensions>
    </Filter>
    <Filter Include="ヘッダー ファイル">
      <UniqueIdentifier>{93995380-89BD-4b04-88EB-625FBE52EBFB}</UniqueIdentifier>
      <Extensions>h;hh;hpp;hxx;hm;inl;inc;xsd</Extensions>
    </Filter>
    <Filter Include="リソース ファイル">
      <UniqueIdentifier>{67DA6AB6-F800-4c08-8B7A-83BB121AAD01}</UniqueIdentifier>
      <Extensions>rc;ico;cur;bmp;dlg;rc2;rct;bin;rgs;gif;jpg;jpeg;jpe;resx;tiff;tif;png;wav;mfcribbon-ms</Extensions>
    </Filter>
    <Filter Include="lz">
      <UniqueIdentifier>{2b00282e-5bb6-4fe2-9f9a-6812ab451c9b}</UniqueIdentifier>
    </Filter>
  </ItemGroup>
  <ItemGroup>
    <ClCompile Include="..\..\src\Simulation.cpp">
      <Filter>ソース ファイル</Filter>
    </ClCompile>
    <ClCompile Include="..\..\src\UctRating.cpp">
      <Filter>ソース ファイル</Filter>
    </ClCompile>
    <ClCompile Include="..\..\src\UctSearch.cpp">
      <Filter>ソース ファイル</Filter>
    </ClCompile>
    <ClCompile Include="..\..\src\Utility.cpp">
      <Filter>ソース ファイル</Filter>
    </ClCompile>
    <ClCompile Include="..\..\src\ZobristHash.cpp">
      <Filter>ソース ファイル</Filter>
    </ClCompile>
    <ClCompile Include="..\..\src\Command.cpp">
      <Filter>ソース ファイル</Filter>
    </ClCompile>
    <ClCompile Include="..\..\src\DynamicKomi.cpp">
      <Filter>ソース ファイル</Filter>
    </ClCompile>
    <ClCompile Include="..\..\src\GoBoard.cpp">
      <Filter>ソース ファイル</Filter>
    </ClCompile>
    <ClCompile Include="..\..\src\Gtp.cpp">
      <Filter>ソース ファイル</Filter>
    </ClCompile>
    <ClCompile Include="..\..\src\Ladder.cpp">
      <Filter>ソース ファイル</Filter>
    </ClCompile>
    <ClCompile Include="..\..\src\Message.cpp">
      <Filter>ソース ファイル</Filter>
    </ClCompile>
    <ClCompile Include="..\..\src\Nakade.cpp">
      <Filter>ソース ファイル</Filter>
    </ClCompile>
    <ClCompile Include="..\..\src\Pattern.cpp">
      <Filter>ソース ファイル</Filter>
    </ClCompile>
    <ClCompile Include="..\..\src\PatternHash.cpp">
      <Filter>ソース ファイル</Filter>
    </ClCompile>
    <ClCompile Include="..\..\src\Point.cpp">
      <Filter>ソース ファイル</Filter>
    </ClCompile>
    <ClCompile Include="..\..\src\Rating.cpp">
      <Filter>ソース ファイル</Filter>
    </ClCompile>
    <ClCompile Include="..\..\src\RayMain.cpp">
      <Filter>ソース ファイル</Filter>
    </ClCompile>
    <ClCompile Include="..\..\src\Semeai.cpp">
      <Filter>ソース ファイル</Filter>
    </ClCompile>
    <ClCompile Include="..\..\src\Seki.cpp">
      <Filter>ソース ファイル</Filter>
    </ClCompile>
    <ClCompile Include="..\..\src\MoveCache.cpp">
      <Filter>ソース ファイル</Filter>
    </ClCompile>
    <ClCompile Include="..\..\src\SearchBoard.cpp">
      <Filter>ソース ファイル</Filter>
    </ClCompile>
    <ClCompile Include="..\..\src\lz\OpenCL.cpp">
      <Filter>lz</Filter>
    </ClCompile>
    <ClCompile Include="..\..\src\lz\OpenCLScheduler.cpp">
      <Filter>lz</Filter>
    </ClCompile>
    <ClCompile Include="..\..\src\lz\Random.cpp">
      <Filter>lz</Filter>
    </ClCompile>
    <ClCompile Include="..\..\src\lz\FastBoard.cpp">
      <Filter>lz</Filter>
    </ClCompile>
    <ClCompile Include="..\..\src\lz\FastState.cpp">
      <Filter>lz</Filter>
    </ClCompile>
    <ClCompile Include="..\..\src\lz\FullBoard.cpp">
      <Filter>lz</Filter>
    </ClCompile>
    <ClCompile Include="..\..\src\lz\GameState.cpp">
      <Filter>lz</Filter>
    </ClCompile>
    <ClCompile Include="..\..\src\lz\Utils.cpp">
      <Filter>lz</Filter>
    </ClCompile>
    <ClCompile Include="..\..\src\lz\Zobrist.cpp">
      <Filter>lz</Filter>
    </ClCompile>
    <ClCompile Include="..\..\src\lz\KoState.cpp">
      <Filter>lz</Filter>
    </ClCompile>
    <ClCompile Include="..\..\src\lz\Network.cpp">
      <Filter>lz</Filter>
    </ClCompile>
    <ClCompile Include="..\..\src\lz\SMP.cpp">
      <Filter>lz</Filter>
    </ClCompile>
    <ClCompile Include="..\..\src\lz\Tuner.cpp">
      <Filter>lz</Filter>
    </ClCompile>
    <ClCompile Include="..\..\src\lz\LZ_GTP.cpp">
      <Filter>lz</Filter>
    </ClCompile>
    <ClCompile Include="..\..\src\lz\Leela.cpp">
      <Filter>lz</Filter>
    </ClCompile>
  </ItemGroup>
  <ItemGroup>
    <ClInclude Include="..\..\src\Simulation.h">
      <Filter>ヘッダー ファイル</Filter>
    </ClInclude>
    <ClInclude Include="..\..\src\UctRating.h">
      <Filter>ヘッダー ファイル</Filter>
    </ClInclude>
    <ClInclude Include="..\..\src\UctSearch.h">
      <Filter>ヘッダー ファイル</Filter>
    </ClInclude>
    <ClInclude Include="..\..\src\Utility.h">
      <Filter>ヘッダー ファイル</Filter>
    </ClInclude>
    <ClInclude Include="..\..\src\ZobristHash.h">
      <Filter>ヘッダー ファイル</Filter>
    </ClInclude>
    <ClInclude Include="..\..\src\Command.h">
      <Filter>ヘッダー ファイル</Filter>
    </ClInclude>
    <ClInclude Include="..\..\src\DynamicKomi.h">
      <Filter>ヘッダー ファイル</Filter>
    </ClInclude>
    <ClInclude Include="..\..\src\GoBoard.h">
      <Filter>ヘッダー ファイル</Filter>
    </ClInclude>
    <ClInclude Include="..\..\src\Gtp.h">
      <Filter>ヘッダー ファイル</Filter>
    </ClInclude>
    <ClInclude Include="..\..\src\Ladder.h">
      <Filter>ヘッダー ファイル</Filter>
    </ClInclude>
    <ClInclude Include="..\..\src\Message.h">
      <Filter>ヘッダー ファイル</Filter>
    </ClInclude>
    <ClInclude Include="..\..\src\Nakade.h">
      <Filter>ヘッダー ファイル</Filter>
    </ClInclude>
    <ClInclude Include="..\..\src\Pattern.h">
      <Filter>ヘッダー ファイル</Filter>
    </ClInclude>
    <ClInclude Include="..\..\src\PatternHash.h">
      <Filter>ヘッダー ファイル</Filter>
    </ClInclude>
    <ClInclude Include="..\..\src\Point.h">
      <Filter>ヘッダー ファイル</Filter>
    </ClInclude>
    <ClInclude Include="..\..\src\Rating.h">
      <Filter>ヘッダー ファイル</Filter>
    </ClInclude>
    <ClInclude Include="..\..\src\Semeai.h">
      <Filter>ヘッダー ファイル</Filter>
    </ClInclude>
    <ClInclude Include="..\..\src\Seki.h">
      <Filter>ヘッダー ファイル</Filter>
    </ClInclude>
    <ClInclude Include="..\..\src\MoveCache.h">
      <Filter>ヘッダー ファイル</Filter>
    </ClInclude>
    <ClInclude Include="..\..\src\SearchBoard.h">
      <Filter>ヘッダー ファイル</Filter>
    </ClInclude>
    <ClInclude Include="..\..\src\lz\GameState.h">
      <Filter>lz</Filter>
    </ClInclude>
    <ClInclude Include="..\..\src\lz\Im2Col.h">
      <Filter>lz</Filter>
    </ClInclude>
    <ClInclude Include="..\..\src\lz\OpenCL.h">
      <Filter>lz</Filter>
    </ClInclude>
    <ClInclude Include="..\..\src\lz\OpenCLScheduler.h">
      <Filter>lz</Filter>
    </ClInclude>
    <ClInclude Include="..\..\src\lz\Random.h">
      <Filter>lz</Filter>
    </ClInclude>
    <ClInclude Include="..\..\src\lz\FastBoard.h">
      <Filter>lz</Filter>
    </ClInclude>
    <ClInclude Include="..\..\src\lz\FastState.h">
      <Filter>lz</Filter>
    </ClInclude>
    <ClInclude Include="..\..\src\lz\FullBoard.h">
      <Filter>lz</Filter>
    </ClInclude>
    <ClInclude Include="..\..\src\lz\Utils.h">
      <Filter>lz</Filter>
    </ClInclude>
    <ClInclude Include="..\..\src\lz\config.h">
      <Filter>lz</Filter>
    </ClInclude>
    <ClInclude Include="..\..\src\lz\Zobrist.h">
      <Filter>lz</Filter>
    </ClInclude>
    <ClInclude Include="..\..\src\lz\KoState.h">
      <Filter>lz</Filter>
    </ClInclude>
    <ClInclude Include="..\..\src\lz\ThreadPool.h">
      <Filter>lz</Filter>
    </ClInclude>
    <ClInclude Include="..\..\src\lz\Network.h">
      <Filter>lz</Filter>
    </ClInclude>
    <ClInclude Include="..\..\src\lz\GTP.h">
      <Filter>lz</Filter>
    </ClInclude>
    <ClInclude Include="..\..\src\lz\SMP.h">
      <Filter>lz</Filter>
    </ClInclude>
    <ClInclude Include="..\..\src\lz\Tuner.h">
      <Filter>lz</Filter>
    </ClInclude>
    <ClInclude Include="..\..\src\lz\Leela.h">
      <Filter>lz</Filter>
    </ClInclude>
  </ItemGroup>
  <ItemGroup>
    <None Include="packages.config" />
  </ItemGroup>
</Project>