
Microsoft Visual Studio Solution File, Format Version 12.00
# Visual Studio 15
VisualStudioVersion = 15.0.27130.2036
MinimumVisualStudioVersion = 10.0.40219.1
Project("{8BC9CEB8-8B4A-11D0-8D11-00A0C91BC942}") = "ray", "ray\ray.vcxproj", "{B614C582-3209-464A-B3E4-8BF0591D39BC}"
EndProject
Project("{8BC9CEB8-8B4A-11D0-8D11-00A0C91BC942}") = "lz-ray", "lz-ray\lz-ray.vcxproj", "{AB29C794-4902-4087-ABE1-F6BE0C54454A}"
EndProject
Global
	GlobalSection(SolutionConfigurationPlatforms) = preSolution
		Debug|x64 = Debug|x64
		Debug|x86 = Debug|x86
		Release|x64 = Release|x64
		Release|x86 = Release|x86
	EndGlobalSection
	GlobalSection(ProjectConfigurationPlatforms) = postSolution
		{B614C582-3209-464A-B3E4-8BF0591D39BC}.Debug|x64.ActiveCfg = Debug|x64
		{B614C582-3209-464A-B3E4-8BF0591D39BC}.Debug|x64.Build.0 = Debug|x64
		{B614C582-3209-464A-B3E4-8BF0591D39BC}.Debug|x86.ActiveCfg = Debug|Win32
		{B614C582-3209-464A-B3E4-8BF0591D39BC}.Debug|x86.Build.0 = Debug|Win32
		{B614C582-3209-464A-B3E4-8BF0591D39BC}.Release|x64.ActiveCfg = Release|x64
		{B614C582-3209-464A-B3E4-8BF0591D39BC}.Release|x64.Build.0 = Release|x64
		{B614C582-3209-464A-B3E4-8BF0591D39BC}.Release|x86.ActiveCfg = Release|Win32
		{B614C582-3209-464A-B3E4-8BF0591D39BC}.Release|x86.Build.0 = Release|Win32
		{AB29C794-4902-4087-ABE1-F6BE0C54454A}.Debug|x64.ActiveCfg = Debug|x64
		{AB29C794-4902-4087-ABE1-F6BE0C54454A}.Debug|x64.Build.0 = Debug|x64
		{AB29C794-4902-4087-ABE1-F6BE0C54454A}.Debug|x86.ActiveCfg = Debug|Win32
		{AB29C794-4902-4087-ABE1-F6BE0C54454A}.Debug|x86.Build.0 = Debug|Win32
		{AB29C794-4902-4087-ABE1-F6BE0C54454A}.Release|x64.ActiveCfg = Release|x64
		{AB29C794-4902-4087-ABE1-F6BE0C54454A}.Release|x64.Build.0 = Release|x64
		{AB29C794-4902-4087-ABE1-F6BE0C54454A}.Release|x86.ActiveCfg = Release|Win32
		{AB29C794-4902-4087-ABE1-F6BE0C54454A}.Release|x86.Build.0 = Release|Win32
	EndGlobalSection
	GlobalSection(SolutionProperties) = preSolution
		HideSolutionNode = FALSE
	EndGlobalSection
	GlobalSection(ExtensibilityGlobals) = postSolution
		SolutionGuid = {CD25BCDB-1505-44BC-BF5B-4022F7578393}
	EndGlobalSection
EndGlobal
